
Microsoft Visual Studio Solution File, Format Version 12.00
# Visual Studio Version 16
VisualStudioVersion = 16.0.29123.88
MinimumVisualStudioVersion = 10.0.40219.1
Project("{FAE04EC0-301F-11D3-BF4B-00C04F79EFBC}") = "ClientSideSMR", "ClientSideSMR\ClientSideSMR.csproj", "{1C2EA789-9EE7-4B7E-8B74-D5EC3C3A3FDB}"
EndProject
Global
	GlobalSection(SolutionConfigurationPlatforms) = preSolution
		Debug|Any CPU = Debug|Any CPU
		Release|Any CPU = Release|Any CPU
	EndGlobalSection
	GlobalSection(ProjectConfigurationPlatforms) = postSolution
		{1C2EA789-9EE7-4B7E-8B74-D5EC3C3A3FDB}.Debug|Any CPU.ActiveCfg = Debug|Any CPU
		{1C2EA789-9EE7-4B7E-8B74-D5EC3C3A3FDB}.Debug|Any CPU.Build.0 = Debug|Any CPU
		{1C2EA789-9EE7-4B7E-8B74-D5EC3C3A3FDB}.Release|Any CPU.ActiveCfg = Release|Any CPU
		{1C2EA789-9EE7-4B7E-8B74-D5EC3C3A3FDB}.Release|Any CPU.Build.0 = Release|Any CPU
	EndGlobalSection
	GlobalSection(SolutionProperties) = preSolution
		HideSolutionNode = FALSE
	EndGlobalSection
	GlobalSection(ExtensibilityGlobals) = postSolution
		SolutionGuid = {7D925499-26E6-48D6-A32A-EA9CCCA3B015}
	EndGlobalSection
EndGlobal
